
Microsoft Visual Studio Solution File, Format Version 12.00
# Visual Studio Version 16
VisualStudioVersion = 16.0.30011.22
MinimumVisualStudioVersion = 10.0.40219.1
Project("{FAE04EC0-301F-11D3-BF4B-00C04F79EFBC}") = "Shortest Remaining Time Scheduling Algorithm", "Shortest Remaining Time Scheduling Algorithm.csproj", "{953820BA-146D-4A82-8D7F-4798B2053C41}"
EndProject
Global
	GlobalSection(SolutionConfigurationPlatforms) = preSolution
		Debug|Any CPU = Debug|Any CPU
		Release|Any CPU = Release|Any CPU
	EndGlobalSection
	GlobalSection(ProjectConfigurationPlatforms) = postSolution
		{953820BA-146D-4A82-8D7F-4798B2053C41}.Debug|Any CPU.ActiveCfg = Debug|Any CPU
		{953820BA-146D-4A82-8D7F-4798B2053C41}.Debug|Any CPU.Build.0 = Debug|Any CPU
		{953820BA-146D-4A82-8D7F-4798B2053C41}.Release|Any CPU.ActiveCfg = Release|Any CPU
		{953820BA-146D-4A82-8D7F-4798B2053C41}.Release|Any CPU.Build.0 = Release|Any CPU
	EndGlobalSection
	GlobalSection(SolutionProperties) = preSolution
		HideSolutionNode = FALSE
	EndGlobalSection
	GlobalSection(ExtensibilityGlobals) = postSolution
		SolutionGuid = {3246C2FD-D8D2-4DED-BB54-DB9F0A118A89}
	EndGlobalSection
EndGlobal
